
Microsoft Visual Studio Solution File, Format Version 12.00
# Visual Studio Version 17
VisualStudioVersion = 17.14.36603.0
MinimumVisualStudioVersion = 10.0.40219.1
Project("{FAE04EC0-301F-11D3-BF4B-00C04F79EFBC}") = "SanitizeChatApp.Client", "SanitizeChatApp.Client\SanitizeChatApp.Client.csproj", "{1520C4E1-6255-4F7A-AF0F-9404F237B2F0}"
EndProject
Project("{FAE04EC0-301F-11D3-BF4B-00C04F79EFBC}") = "SanitizeChatApp.Domain", "SanitizeChatApp.Domain\SanitizeChatApp.Domain.csproj", "{D3D2951F-34CC-46F5-874F-291FA84ED168}"
EndProject
Project("{FAE04EC0-301F-11D3-BF4B-00C04F79EFBC}") = "SanitizeChatApp.Application", "SanitizeChatApp.Application\SanitizeChatApp.Application.csproj", "{CFC533DD-36FA-423B-A305-348167ECC4F8}"
EndProject
Project("{FAE04EC0-301F-11D3-BF4B-00C04F79EFBC}") = "SanitizeChatApp.Infrastructure", "SanitizeChatApp.Infrastructure\SanitizeChatApp.Infrastructure.csproj", "{0EC89FAF-D5FB-425C-B1C8-58E951CBFEAD}"
EndProject
Project("{FAE04EC0-301F-11D3-BF4B-00C04F79EFBC}") = "SanitizeChatApp.Api", "SanitizeChatApp.Api\SanitizeChatApp.Api.csproj", "{B161E3D9-8AA4-4106-B258-CE54BBAB05F1}"
EndProject
Global
	GlobalSection(SolutionConfigurationPlatforms) = preSolution
		Debug|Any CPU = Debug|Any CPU
		Release|Any CPU = Release|Any CPU
	EndGlobalSection
	GlobalSection(ProjectConfigurationPlatforms) = postSolution
		{1520C4E1-6255-4F7A-AF0F-9404F237B2F0}.Debug|Any CPU.ActiveCfg = Debug|Any CPU
		{1520C4E1-6255-4F7A-AF0F-9404F237B2F0}.Debug|Any CPU.Build.0 = Debug|Any CPU
		{1520C4E1-6255-4F7A-AF0F-9404F237B2F0}.Release|Any CPU.ActiveCfg = Release|Any CPU
		{1520C4E1-6255-4F7A-AF0F-9404F237B2F0}.Release|Any CPU.Build.0 = Release|Any CPU
		{D3D2951F-34CC-46F5-874F-291FA84ED168}.Debug|Any CPU.ActiveCfg = Debug|Any CPU
		{D3D2951F-34CC-46F5-874F-291FA84ED168}.Debug|Any CPU.Build.0 = Debug|Any CPU
		{D3D2951F-34CC-46F5-874F-291FA84ED168}.Release|Any CPU.ActiveCfg = Release|Any CPU
		{D3D2951F-34CC-46F5-874F-291FA84ED168}.Release|Any CPU.Build.0 = Release|Any CPU
		{CFC533DD-36FA-423B-A305-348167ECC4F8}.Debug|Any CPU.ActiveCfg = Debug|Any CPU
		{CFC533DD-36FA-423B-A305-348167ECC4F8}.Debug|Any CPU.Build.0 = Debug|Any CPU
		{CFC533DD-36FA-423B-A305-348167ECC4F8}.Release|Any CPU.ActiveCfg = Release|Any CPU
		{CFC533DD-36FA-423B-A305-348167ECC4F8}.Release|Any CPU.Build.0 = Release|Any CPU
		{0EC89FAF-D5FB-425C-B1C8-58E951CBFEAD}.Debug|Any CPU.ActiveCfg = Debug|Any CPU
		{0EC89FAF-D5FB-425C-B1C8-58E951CBFEAD}.Debug|Any CPU.Build.0 = Debug|Any CPU
		{0EC89FAF-D5FB-425C-B1C8-58E951CBFEAD}.Release|Any CPU.ActiveCfg = Release|Any CPU
		{0EC89FAF-D5FB-425C-B1C8-58E951CBFEAD}.Release|Any CPU.Build.0 = Release|Any CPU
		{B161E3D9-8AA4-4106-B258-CE54BBAB05F1}.Debug|Any CPU.ActiveCfg = Debug|Any CPU
		{B161E3D9-8AA4-4106-B258-CE54BBAB05F1}.Debug|Any CPU.Build.0 = Debug|Any CPU
		{B161E3D9-8AA4-4106-B258-CE54BBAB05F1}.Release|Any CPU.ActiveCfg = Release|Any CPU
		{B161E3D9-8AA4-4106-B258-CE54BBAB05F1}.Release|Any CPU.Build.0 = Release|Any CPU
	EndGlobalSection
	GlobalSection(SolutionProperties) = preSolution
		HideSolutionNode = FALSE
	EndGlobalSection
	GlobalSection(ExtensibilityGlobals) = postSolution
		SolutionGuid = {6D6EA7B9-CACE-43AF-A29B-94B6C6EDC678}
	EndGlobalSection
EndGlobal
